
Microsoft Visual Studio Solution File, Format Version 12.00
# Visual Studio 14
VisualStudioVersion = 14.0.25420.1
MinimumVisualStudioVersion = 10.0.40219.1
Project("{FAE04EC0-301F-11D3-BF4B-00C04F79EFBC}") = "Forgefier", "src\Forgefier\Forgefier.csproj", "{66C07149-C5F0-4F27-9A1B-BEFA407A96CC}"
EndProject
Project("{FAE04EC0-301F-11D3-BF4B-00C04F79EFBC}") = "dotMCLauncher.Versioning", "FreeLauncher\src\dotMCLauncher.Versioning\dotMCLauncher.Versioning.csproj", "{E41644A8-2949-4CC3-B1B1-CEBF32B055A2}"
EndProject
Project("{FAE04EC0-301F-11D3-BF4B-00C04F79EFBC}") = "dotMCLauncher", "FreeLauncher\src\dotMCLauncher\dotMCLauncher.csproj", "{56C1E499-2F30-4892-A71A-4F72913A2116}"
EndProject
Global
	GlobalSection(SolutionConfigurationPlatforms) = preSolution
		Debug|Any CPU = Debug|Any CPU
		Release|Any CPU = Release|Any CPU
	EndGlobalSection
	GlobalSection(ProjectConfigurationPlatforms) = postSolution
		{66C07149-C5F0-4F27-9A1B-BEFA407A96CC}.Debug|Any CPU.ActiveCfg = Debug|Any CPU
		{66C07149-C5F0-4F27-9A1B-BEFA407A96CC}.Debug|Any CPU.Build.0 = Debug|Any CPU
		{66C07149-C5F0-4F27-9A1B-BEFA407A96CC}.Release|Any CPU.ActiveCfg = Release|Any CPU
		{66C07149-C5F0-4F27-9A1B-BEFA407A96CC}.Release|Any CPU.Build.0 = Release|Any CPU
		{E41644A8-2949-4CC3-B1B1-CEBF32B055A2}.Debug|Any CPU.ActiveCfg = Debug|Any CPU
		{E41644A8-2949-4CC3-B1B1-CEBF32B055A2}.Debug|Any CPU.Build.0 = Debug|Any CPU
		{E41644A8-2949-4CC3-B1B1-CEBF32B055A2}.Release|Any CPU.ActiveCfg = Release|Any CPU
		{E41644A8-2949-4CC3-B1B1-CEBF32B055A2}.Release|Any CPU.Build.0 = Release|Any CPU
		{56C1E499-2F30-4892-A71A-4F72913A2116}.Debug|Any CPU.ActiveCfg = Debug|Any CPU
		{56C1E499-2F30-4892-A71A-4F72913A2116}.Debug|Any CPU.Build.0 = Debug|Any CPU
		{56C1E499-2F30-4892-A71A-4F72913A2116}.Release|Any CPU.ActiveCfg = Release|Any CPU
		{56C1E499-2F30-4892-A71A-4F72913A2116}.Release|Any CPU.Build.0 = Release|Any CPU
	EndGlobalSection
	GlobalSection(SolutionProperties) = preSolution
		HideSolutionNode = FALSE
	EndGlobalSection
EndGlobal
